
Microsoft Visual Studio Solution File, Format Version 12.00
# Visual Studio Version 17
VisualStudioVersion = 17.12.35707.178
MinimumVisualStudioVersion = 10.0.40219.1
Project("{FAE04EC0-301F-11D3-BF4B-00C04F79EFBC}") = "HackerSpace", "HackerSpace\HackerSpace\HackerSpace.csproj", "{EA5DEA07-9790-44CC-87F6-DA4B8EDEA9A5}"
EndProject
Project("{FAE04EC0-301F-11D3-BF4B-00C04F79EFBC}") = "HackerSpace.Client", "HackerSpace\HackerSpace.Client\HackerSpace.Client.csproj", "{CC5AE5CE-F659-4387-9B0E-E0CDB2DA5EF9}"
EndProject
Global
	GlobalSection(SolutionConfigurationPlatforms) = preSolution
		Debug|Any CPU = Debug|Any CPU
		Release|Any CPU = Release|Any CPU
	EndGlobalSection
	GlobalSection(ProjectConfigurationPlatforms) = postSolution
		{EA5DEA07-9790-44CC-87F6-DA4B8EDEA9A5}.Debug|Any CPU.ActiveCfg = Debug|Any CPU
		{EA5DEA07-9790-44CC-87F6-DA4B8EDEA9A5}.Debug|Any CPU.Build.0 = Debug|Any CPU
		{EA5DEA07-9790-44CC-87F6-DA4B8EDEA9A5}.Release|Any CPU.ActiveCfg = Release|Any CPU
		{EA5DEA07-9790-44CC-87F6-DA4B8EDEA9A5}.Release|Any CPU.Build.0 = Release|Any CPU
		{CC5AE5CE-F659-4387-9B0E-E0CDB2DA5EF9}.Debug|Any CPU.ActiveCfg = Debug|Any CPU
		{CC5AE5CE-F659-4387-9B0E-E0CDB2DA5EF9}.Debug|Any CPU.Build.0 = Debug|Any CPU
		{CC5AE5CE-F659-4387-9B0E-E0CDB2DA5EF9}.Release|Any CPU.ActiveCfg = Release|Any CPU
		{CC5AE5CE-F659-4387-9B0E-E0CDB2DA5EF9}.Release|Any CPU.Build.0 = Release|Any CPU
	EndGlobalSection
	GlobalSection(SolutionProperties) = preSolution
		HideSolutionNode = FALSE
	EndGlobalSection
EndGlobal
